
Microsoft Visual Studio Solution File, Format Version 12.00
# Visual Studio 2013
VisualStudioVersion = 12.0.31101.0
MinimumVisualStudioVersion = 10.0.40219.1
Project("{FAE04EC0-301F-11D3-BF4B-00C04F79EFBC}") = "MyFishEye.Entities", "MyFishEye.Entities\MyFishEye.Entities.csproj", "{1E2F911A-E59D-4079-824A-597D82A3078B}"
EndProject
Project("{FAE04EC0-301F-11D3-BF4B-00C04F79EFBC}") = "MyFishEye.DataAccess", "MyFishEye.DataAccess\MyFishEye.DataAccess.csproj", "{2F5B92E4-D0D4-4EA8-B36B-8F955EB2F651}"
EndProject
Project("{FAE04EC0-301F-11D3-BF4B-00C04F79EFBC}") = "MyFishEye.WebConsole", "MyFishEye.WebConsole\MyFishEye.WebConsole.csproj", "{DA1A428B-8403-4265-BB2B-83E02BB8A393}"
EndProject
Project("{2150E333-8FDC-42A3-9474-1A3956D46DE8}") = ".nuget", ".nuget", "{18B12F4B-C30D-427B-B7C6-D7AF4B86C15C}"
	ProjectSection(SolutionItems) = preProject
		.nuget\packages.config = .nuget\packages.config
	EndProjectSection
EndProject
Project("{FAE04EC0-301F-11D3-BF4B-00C04F79EFBC}") = "MyFishEye.Authentication", "MyFishEye.Authentication\MyFishEye.Authentication.csproj", "{A635E6DB-0758-40BD-A36A-A68407127AA2}"
EndProject
Global
	GlobalSection(SolutionConfigurationPlatforms) = preSolution
		Debug|Any CPU = Debug|Any CPU
		Release|Any CPU = Release|Any CPU
	EndGlobalSection
	GlobalSection(ProjectConfigurationPlatforms) = postSolution
		{1E2F911A-E59D-4079-824A-597D82A3078B}.Debug|Any CPU.ActiveCfg = Debug|Any CPU
		{1E2F911A-E59D-4079-824A-597D82A3078B}.Debug|Any CPU.Build.0 = Debug|Any CPU
		{1E2F911A-E59D-4079-824A-597D82A3078B}.Release|Any CPU.ActiveCfg = Release|Any CPU
		{1E2F911A-E59D-4079-824A-597D82A3078B}.Release|Any CPU.Build.0 = Release|Any CPU
		{2F5B92E4-D0D4-4EA8-B36B-8F955EB2F651}.Debug|Any CPU.ActiveCfg = Debug|Any CPU
		{2F5B92E4-D0D4-4EA8-B36B-8F955EB2F651}.Debug|Any CPU.Build.0 = Debug|Any CPU
		{2F5B92E4-D0D4-4EA8-B36B-8F955EB2F651}.Release|Any CPU.ActiveCfg = Release|Any CPU
		{2F5B92E4-D0D4-4EA8-B36B-8F955EB2F651}.Release|Any CPU.Build.0 = Release|Any CPU
		{DA1A428B-8403-4265-BB2B-83E02BB8A393}.Debug|Any CPU.ActiveCfg = Debug|Any CPU
		{DA1A428B-8403-4265-BB2B-83E02BB8A393}.Debug|Any CPU.Build.0 = Debug|Any CPU
		{DA1A428B-8403-4265-BB2B-83E02BB8A393}.Release|Any CPU.ActiveCfg = Release|Any CPU
		{DA1A428B-8403-4265-BB2B-83E02BB8A393}.Release|Any CPU.Build.0 = Release|Any CPU
		{A635E6DB-0758-40BD-A36A-A68407127AA2}.Debug|Any CPU.ActiveCfg = Debug|Any CPU
		{A635E6DB-0758-40BD-A36A-A68407127AA2}.Debug|Any CPU.Build.0 = Debug|Any CPU
		{A635E6DB-0758-40BD-A36A-A68407127AA2}.Release|Any CPU.ActiveCfg = Release|Any CPU
		{A635E6DB-0758-40BD-A36A-A68407127AA2}.Release|Any CPU.Build.0 = Release|Any CPU
	EndGlobalSection
	GlobalSection(SolutionProperties) = preSolution
		HideSolutionNode = FALSE
	EndGlobalSection
EndGlobal
